
Microsoft Visual Studio Solution File, Format Version 12.00
# Visual Studio Version 17
VisualStudioVersion = 17.0.31919.166
MinimumVisualStudioVersion = 10.0.40219.1
Project("{FAE04EC0-301F-11D3-BF4B-00C04F79EFBC}") = "NorthwindWebApi", "NorthwindWebApi\NorthwindWebApi.csproj", "{3D84269B-C3E1-48AC-835F-756F6F6236F0}"
EndProject
Project("{FAE04EC0-301F-11D3-BF4B-00C04F79EFBC}") = "Entities", "Entities\Entities.csproj", "{9229EE13-169E-488B-95F6-3AF1448003BC}"
EndProject
Project("{FAE04EC0-301F-11D3-BF4B-00C04F79EFBC}") = "DataAccess", "DataAccess\DataAccess.csproj", "{1F778F90-B17B-4347-89D7-78B884114F17}"
EndProject
Project("{FAE04EC0-301F-11D3-BF4B-00C04F79EFBC}") = "Business", "Business\Business.csproj", "{A317F1BA-33AB-44B0-A79E-867F23452370}"
EndProject
Project("{FAE04EC0-301F-11D3-BF4B-00C04F79EFBC}") = "Core", "Core\Core.csproj", "{02A954DD-88E0-458F-902B-678E1B281BFC}"
EndProject
Global
	GlobalSection(SolutionConfigurationPlatforms) = preSolution
		Debug|Any CPU = Debug|Any CPU
		Release|Any CPU = Release|Any CPU
	EndGlobalSection
	GlobalSection(ProjectConfigurationPlatforms) = postSolution
		{3D84269B-C3E1-48AC-835F-756F6F6236F0}.Debug|Any CPU.ActiveCfg = Debug|Any CPU
		{3D84269B-C3E1-48AC-835F-756F6F6236F0}.Debug|Any CPU.Build.0 = Debug|Any CPU
		{3D84269B-C3E1-48AC-835F-756F6F6236F0}.Release|Any CPU.ActiveCfg = Release|Any CPU
		{3D84269B-C3E1-48AC-835F-756F6F6236F0}.Release|Any CPU.Build.0 = Release|Any CPU
		{9229EE13-169E-488B-95F6-3AF1448003BC}.Debug|Any CPU.ActiveCfg = Debug|Any CPU
		{9229EE13-169E-488B-95F6-3AF1448003BC}.Debug|Any CPU.Build.0 = Debug|Any CPU
		{9229EE13-169E-488B-95F6-3AF1448003BC}.Release|Any CPU.ActiveCfg = Release|Any CPU
		{9229EE13-169E-488B-95F6-3AF1448003BC}.Release|Any CPU.Build.0 = Release|Any CPU
		{1F778F90-B17B-4347-89D7-78B884114F17}.Debug|Any CPU.ActiveCfg = Debug|Any CPU
		{1F778F90-B17B-4347-89D7-78B884114F17}.Debug|Any CPU.Build.0 = Debug|Any CPU
		{1F778F90-B17B-4347-89D7-78B884114F17}.Release|Any CPU.ActiveCfg = Release|Any CPU
		{1F778F90-B17B-4347-89D7-78B884114F17}.Release|Any CPU.Build.0 = Release|Any CPU
		{A317F1BA-33AB-44B0-A79E-867F23452370}.Debug|Any CPU.ActiveCfg = Debug|Any CPU
		{A317F1BA-33AB-44B0-A79E-867F23452370}.Debug|Any CPU.Build.0 = Debug|Any CPU
		{A317F1BA-33AB-44B0-A79E-867F23452370}.Release|Any CPU.ActiveCfg = Release|Any CPU
		{A317F1BA-33AB-44B0-A79E-867F23452370}.Release|Any CPU.Build.0 = Release|Any CPU
		{02A954DD-88E0-458F-902B-678E1B281BFC}.Debug|Any CPU.ActiveCfg = Debug|Any CPU
		{02A954DD-88E0-458F-902B-678E1B281BFC}.Debug|Any CPU.Build.0 = Debug|Any CPU
		{02A954DD-88E0-458F-902B-678E1B281BFC}.Release|Any CPU.ActiveCfg = Release|Any CPU
		{02A954DD-88E0-458F-902B-678E1B281BFC}.Release|Any CPU.Build.0 = Release|Any CPU
	EndGlobalSection
	GlobalSection(SolutionProperties) = preSolution
		HideSolutionNode = FALSE
	EndGlobalSection
	GlobalSection(ExtensibilityGlobals) = postSolution
		SolutionGuid = {551BF2EB-B1F2-4DF6-B62E-65E8702D1794}
	EndGlobalSection
EndGlobal
